{
    "name": "live_svelte",
    "version": "0.15.0",
    "lockfileVersion": 3,
    "requires": true,
    "packages": {
        "": {
            "name": "live_svelte",
            "version": "0.15.0",
            "license": "MIT",
            "devDependencies": {
                "prettier": "3.3.3",
                "prettier-plugin-svelte": "^3.2.7",
                "svelte": "^5.1.13"
            }
        },
        "node_modules/@ampproject/remapping": {
            "version": "2.3.0",
            "resolved": "https://registry.npmjs.org/@ampproject/remapping/-/remapping-2.3.0.tgz",
            "integrity": "sha512-30iZtAPgz+LTIYoeivqYo853f02jBYSd5uGnGpkFV0M3xOt9aN73erkgYAmZU43x4VfqcnLxW9Kpg3R5LC4YYw==",
            "dev": true,
            "license": "Apache-2.0",
            "dependencies": {
                "@jridgewell/gen-mapping": "^0.3.5",
                "@jridgewell/trace-mapping": "^0.3.24"
            },
            "engines": {
                "node": ">=6.0.0"
            }
        },
        "node_modules/@jridgewell/gen-mapping": {
            "version": "0.3.5",
            "resolved": "https://registry.npmjs.org/@jridgewell/gen-mapping/-/gen-mapping-0.3.5.tgz",
            "integrity": "sha512-IzL8ZoEDIBRWEzlCcRhOaCupYyN5gdIK+Q6fbFdPDg6HqX6jpkItn7DFIpW9LQzXG6Df9sA7+OKnq0qlz/GaQg==",
            "dev": true,
            "license": "MIT",
            "dependencies": {
                "@jridgewell/set-array": "^1.2.1",
                "@jridgewell/sourcemap-codec": "^1.4.10",
                "@jridgewell/trace-mapping": "^0.3.24"
            },
            "engines": {
                "node": ">=6.0.0"
            }
        },
        "node_modules/@jridgewell/resolve-uri": {
            "version": "3.1.2",
            "resolved": "https://registry.npmjs.org/@jridgewell/resolve-uri/-/resolve-uri-3.1.2.tgz",
            "integrity": "sha512-bRISgCIjP20/tbWSPWMEi54QVPRZExkuD9lJL+UIxUKtwVJA8wW1Trb1jMs1RFXo1CBTNZ/5hpC9QvmKWdopKw==",
            "dev": true,
            "license": "MIT",
            "engines": {
                "node": ">=6.0.0"
            }
        },
        "node_modules/@jridgewell/set-array": {
            "version": "1.2.1",
            "resolved": "https://registry.npmjs.org/@jridgewell/set-array/-/set-array-1.2.1.tgz",
            "integrity": "sha512-R8gLRTZeyp03ymzP/6Lil/28tGeGEzhx1q2k703KGWRAI1VdvPIXdG70VJc2pAMw3NA6JKL5hhFu1sJX0Mnn/A==",
            "dev": true,
            "license": "MIT",
            "engines": {
                "node": ">=6.0.0"
            }
        },
        "node_modules/@jridgewell/sourcemap-codec": {
            "version": "1.5.0",
            "resolved": "https://registry.npmjs.org/@jridgewell/sourcemap-codec/-/sourcemap-codec-1.5.0.tgz",
            "integrity": "sha512-gv3ZRaISU3fjPAgNsriBRqGWQL6quFx04YMPW/zD8XMLsU32mhCCbfbO6KZFLjvYpCZ8zyDEgqsgf+PwPaM7GQ==",
            "dev": true,
            "license": "MIT"
        },
        "node_modules/@jridgewell/trace-mapping": {
            "version": "0.3.25",
            "resolved": "https://registry.npmjs.org/@jridgewell/trace-mapping/-/trace-mapping-0.3.25.tgz",
            "integrity": "sha512-vNk6aEwybGtawWmy/PzwnGDOjCkLWSD2wqvjGGAgOAwCGWySYXfYoxt00IJkTF+8Lb57DwOb3Aa0o9CApepiYQ==",
            "dev": true,
            "license": "MIT",
            "dependencies": {
                "@jridgewell/resolve-uri": "^3.1.0",
                "@jridgewell/sourcemap-codec": "^1.4.14"
            }
        },
        "node_modules/@types/estree": {
            "version": "1.0.6",
            "resolved": "https://registry.npmjs.org/@types/estree/-/estree-1.0.6.tgz",
            "integrity": "sha512-AYnb1nQyY49te+VRAVgmzfcgjYS91mY5P0TKUDCLEM+gNnA+3T6rWITXRLYCpahpqSQbN5cE+gHpnPyXjHWxcw==",
            "dev": true,
            "license": "MIT"
        },
        "node_modules/acorn": {
            "version": "8.14.0",
            "resolved": "https://registry.npmjs.org/acorn/-/acorn-8.14.0.tgz",
            "integrity": "sha512-cl669nCJTZBsL97OF4kUQm5g5hC2uihk0NxY3WENAC0TYdILVkAyHymAntgxGkl7K+t0cXIrH5siy5S4XkFycA==",
            "dev": true,
            "license": "MIT",
            "bin": {
                "acorn": "bin/acorn"
            },
            "engines": {
                "node": ">=0.4.0"
            }
        },
        "node_modules/acorn-typescript": {
            "version": "1.4.13",
            "resolved": "https://registry.npmjs.org/acorn-typescript/-/acorn-typescript-1.4.13.tgz",
            "integrity": "sha512-xsc9Xv0xlVfwp2o7sQ+GCQ1PgbkdcpWdTzrwXxO3xDMTAywVS3oXVOcOHuRjAPkS4P9b+yc/qNF15460v+jp4Q==",
            "dev": true,
            "license": "MIT",
            "peerDependencies": {
                "acorn": ">=8.9.0"
            }
        },
        "node_modules/aria-query": {
            "version": "5.3.2",
            "resolved": "https://registry.npmjs.org/aria-query/-/aria-query-5.3.2.tgz",
            "integrity": "sha512-COROpnaoap1E2F000S62r6A60uHZnmlvomhfyT2DlTcrY1OrBKn2UhH7qn5wTC9zMvD0AY7csdPSNwKP+7WiQw==",
            "dev": true,
            "license": "Apache-2.0",
            "engines": {
                "node": ">= 0.4"
            }
        },
        "node_modules/axobject-query": {
            "version": "4.1.0",
            "resolved": "https://registry.npmjs.org/axobject-query/-/axobject-query-4.1.0.tgz",
            "integrity": "sha512-qIj0G9wZbMGNLjLmg1PT6v2mE9AH2zlnADJD/2tC6E00hgmhUOfEB6greHPAfLRSufHqROIUTkw6E+M3lH0PTQ==",
            "dev": true,
            "license": "Apache-2.0",
            "engines": {
                "node": ">= 0.4"
            }
        },
        "node_modules/esm-env": {
            "version": "1.1.4",
            "resolved": "https://registry.npmjs.org/esm-env/-/esm-env-1.1.4.tgz",
            "integrity": "sha512-oO82nKPHKkzIj/hbtuDYy/JHqBHFlMIW36SDiPCVsj87ntDLcWN+sJ1erdVryd4NxODacFTsdrIE3b7IamqbOg==",
            "dev": true,
            "license": "MIT"
        },
        "node_modules/esrap": {
            "version": "1.2.2",
            "resolved": "https://registry.npmjs.org/esrap/-/esrap-1.2.2.tgz",
            "integrity": "sha512-F2pSJklxx1BlQIQgooczXCPHmcWpn6EsP5oo73LQfonG9fIlIENQ8vMmfGXeojP9MrkzUNAfyU5vdFlR9shHAw==",
            "dev": true,
            "license": "MIT",
            "dependencies": {
                "@jridgewell/sourcemap-codec": "^1.4.15",
                "@types/estree": "^1.0.1"
            }
        },
        "node_modules/is-reference": {
            "version": "3.0.2",
            "resolved": "https://registry.npmjs.org/is-reference/-/is-reference-3.0.2.tgz",
            "integrity": "sha512-v3rht/LgVcsdZa3O2Nqs+NMowLOxeOm7Ay9+/ARQ2F+qEoANRcqrjAZKGN0v8ymUetZGgkp26LTnGT7H0Qo9Pg==",
            "dev": true,
            "license": "MIT",
            "dependencies": {
                "@types/estree": "*"
            }
        },
        "node_modules/locate-character": {
            "version": "3.0.0",
            "resolved": "https://registry.npmjs.org/locate-character/-/locate-character-3.0.0.tgz",
            "integrity": "sha512-SW13ws7BjaeJ6p7Q6CO2nchbYEc3X3J6WrmTTDto7yMPqVSZTUyY5Tjbid+Ab8gLnATtygYtiDIJGQRRn2ZOiA==",
            "dev": true,
            "license": "MIT"
        },
        "node_modules/magic-string": {
            "version": "0.30.12",
            "resolved": "https://registry.npmjs.org/magic-string/-/magic-string-0.30.12.tgz",
            "integrity": "sha512-Ea8I3sQMVXr8JhN4z+H/d8zwo+tYDgHE9+5G4Wnrwhs0gaK9fXTKx0Tw5Xwsd/bCPTTZNRAdpyzvoeORe9LYpw==",
            "dev": true,
            "license": "MIT",
            "dependencies": {
                "@jridgewell/sourcemap-codec": "^1.5.0"
            }
        },
        "node_modules/prettier": {
            "version": "3.3.3",
            "resolved": "https://registry.npmjs.org/prettier/-/prettier-3.3.3.tgz",
            "integrity": "sha512-i2tDNA0O5IrMO757lfrdQZCc2jPNDVntV0m/+4whiDfWaTKfMNgR7Qz0NAeGz/nRqF4m5/6CLzbP4/liHt12Ew==",
            "dev": true,
            "license": "MIT",
            "bin": {
                "prettier": "bin/prettier.cjs"
            },
            "engines": {
                "node": ">=14"
            },
            "funding": {
                "url": "https://github.com/prettier/prettier?sponsor=1"
            }
        },
        "node_modules/prettier-plugin-svelte": {
            "version": "3.2.7",
            "resolved": "https://registry.npmjs.org/prettier-plugin-svelte/-/prettier-plugin-svelte-3.2.7.tgz",
            "integrity": "sha512-/Dswx/ea0lV34If1eDcG3nulQ63YNr5KPDfMsjbdtpSWOxKKJ7nAc2qlVuYwEvCr4raIuredNoR7K4JCkmTGaQ==",
            "dev": true,
            "license": "MIT",
            "peerDependencies": {
                "prettier": "^3.0.0",
                "svelte": "^3.2.0 || ^4.0.0-next.0 || ^5.0.0-next.0"
            }
        },
        "node_modules/svelte": {
            "version": "5.1.13",
            "resolved": "https://registry.npmjs.org/svelte/-/svelte-5.1.13.tgz",
            "integrity": "sha512-xVNk8yLsZNfkyqWzVg8+nfU9ewiSjVW0S4qyTxfKa6Y7P5ZBhA+LDsh2cHWIXJQMltikQAk6W3sqGdQZSH58PA==",
            "dev": true,
            "license": "MIT",
            "dependencies": {
                "@ampproject/remapping": "^2.3.0",
                "@jridgewell/sourcemap-codec": "^1.5.0",
                "@types/estree": "^1.0.5",
                "acorn": "^8.12.1",
                "acorn-typescript": "^1.4.13",
                "aria-query": "^5.3.1",
                "axobject-query": "^4.1.0",
                "esm-env": "^1.0.0",
                "esrap": "^1.2.2",
                "is-reference": "^3.0.2",
                "locate-character": "^3.0.0",
                "magic-string": "^0.30.11",
                "zimmerframe": "^1.1.2"
            },
            "engines": {
                "node": ">=18"
            }
        },
        "node_modules/zimmerframe": {
            "version": "1.1.2",
            "resolved": "https://registry.npmjs.org/zimmerframe/-/zimmerframe-1.1.2.tgz",
            "integrity": "sha512-rAbqEGa8ovJy4pyBxZM70hg4pE6gDgaQ0Sl9M3enG3I0d6H4XSAM3GeNGLKnsBpuijUow064sf7ww1nutC5/3w==",
            "dev": true,
            "license": "MIT"
        }
    }
}
