{
  "name": "live_svelte",
  "version": "0.2.0",
  "lockfileVersion": 2,
  "requires": true,
  "packages": {
    "": {
      "name": "live_svelte",
      "version": "0.2.0",
      "license": "MIT",
      "devDependencies": {
        "svelte": "^3.55.1"
      }
    },
    "node_modules/svelte": {
      "version": "3.56.0",
      "resolved": "https://registry.npmjs.org/svelte/-/svelte-3.56.0.tgz",
      "integrity": "sha512-LvXiJbjdvJKwB/0CQyYpDX0q+hFqCyWmybzC2G6eK1tJJA/RSRCytTfNmjHv+RHlLuA70vWG7nXp6gbeErYvRA==",
      "dev": true,
      "engines": {
        "node": ">= 8"
      }
    }
  },
  "dependencies": {
    "svelte": {
      "version": "3.56.0",
      "resolved": "https://registry.npmjs.org/svelte/-/svelte-3.56.0.tgz",
      "integrity": "sha512-LvXiJbjdvJKwB/0CQyYpDX0q+hFqCyWmybzC2G6eK1tJJA/RSRCytTfNmjHv+RHlLuA70vWG7nXp6gbeErYvRA==",
      "dev": true
    }
  }
}
