{
    "name": "live_svelte",
    "version": "0.8.0",
    "lockfileVersion": 2,
    "requires": true,
    "packages": {
        "": {
            "name": "live_svelte",
            "version": "0.8.0",
            "license": "MIT",
            "devDependencies": {
                "prettier": "2.8.7",
                "prettier-plugin-svelte": "^2.10.0",
                "svelte": "^3.55.1"
            }
        },
        "node_modules/prettier": {
            "version": "2.8.7",
            "resolved": "https://registry.npmjs.org/prettier/-/prettier-2.8.7.tgz",
            "integrity": "sha512-yPngTo3aXUUmyuTjeTUT75txrf+aMh9FiD7q9ZE/i6r0bPb22g4FsE6Y338PQX1bmfy08i9QQCB7/rcUAVntfw==",
            "dev": true,
            "bin": {
                "prettier": "bin-prettier.js"
            },
            "engines": {
                "node": ">=10.13.0"
            },
            "funding": {
                "url": "https://github.com/prettier/prettier?sponsor=1"
            }
        },
        "node_modules/prettier-plugin-svelte": {
            "version": "2.10.0",
            "resolved": "https://registry.npmjs.org/prettier-plugin-svelte/-/prettier-plugin-svelte-2.10.0.tgz",
            "integrity": "sha512-GXMY6t86thctyCvQq+jqElO+MKdB09BkL3hexyGP3Oi8XLKRFaJP1ud/xlWCZ9ZIa2BxHka32zhHfcuU+XsRQg==",
            "dev": true,
            "peerDependencies": {
                "prettier": "^1.16.4 || ^2.0.0",
                "svelte": "^3.2.0"
            }
        },
        "node_modules/svelte": {
            "version": "3.56.0",
            "resolved": "https://registry.npmjs.org/svelte/-/svelte-3.56.0.tgz",
            "integrity": "sha512-LvXiJbjdvJKwB/0CQyYpDX0q+hFqCyWmybzC2G6eK1tJJA/RSRCytTfNmjHv+RHlLuA70vWG7nXp6gbeErYvRA==",
            "dev": true,
            "engines": {
                "node": ">= 8"
            }
        }
    },
    "dependencies": {
        "prettier": {
            "version": "2.8.7",
            "resolved": "https://registry.npmjs.org/prettier/-/prettier-2.8.7.tgz",
            "integrity": "sha512-yPngTo3aXUUmyuTjeTUT75txrf+aMh9FiD7q9ZE/i6r0bPb22g4FsE6Y338PQX1bmfy08i9QQCB7/rcUAVntfw==",
            "dev": true
        },
        "prettier-plugin-svelte": {
            "version": "2.10.0",
            "resolved": "https://registry.npmjs.org/prettier-plugin-svelte/-/prettier-plugin-svelte-2.10.0.tgz",
            "integrity": "sha512-GXMY6t86thctyCvQq+jqElO+MKdB09BkL3hexyGP3Oi8XLKRFaJP1ud/xlWCZ9ZIa2BxHka32zhHfcuU+XsRQg==",
            "dev": true,
            "requires": {}
        },
        "svelte": {
            "version": "3.56.0",
            "resolved": "https://registry.npmjs.org/svelte/-/svelte-3.56.0.tgz",
            "integrity": "sha512-LvXiJbjdvJKwB/0CQyYpDX0q+hFqCyWmybzC2G6eK1tJJA/RSRCytTfNmjHv+RHlLuA70vWG7nXp6gbeErYvRA==",
            "dev": true
        }
    }
}
