{
  "name": "assets",
  "lockfileVersion": 3,
  "requires": true,
  "packages": {
    "../..": {
      "version": "0.17.4",
      "extraneous": true,
      "license": "MIT",
      "devDependencies": {
        "prettier": "^3.8.1",
        "prettier-plugin-svelte": "^3.5.1",
        "svelte": "^5.53.7"
      }
    },
    "../deps/phoenix": {
      "version": "1.8.5",
      "extraneous": true,
      "license": "MIT",
      "devDependencies": {
        "@babel/cli": "7.28.6",
        "@babel/core": "7.29.0",
        "@babel/preset-env": "7.29.0",
        "@eslint/js": "^10.0.1",
        "@stylistic/eslint-plugin": "^5.0.0",
        "documentation": "^14.0.3",
        "eslint": "10.0.2",
        "eslint-plugin-jest": "29.15.0",
        "jest": "^30.0.0",
        "jest-environment-jsdom": "^30.0.0",
        "jsdom": "^28.1.0",
        "mock-socket": "^9.3.1"
      }
    },
    "../deps/phoenix_html": {
      "version": "4.3.0",
      "extraneous": true
    },
    "../deps/phoenix_live_view": {
      "version": "1.0.18",
      "extraneous": true,
      "license": "MIT",
      "dependencies": {
        "morphdom": "2.7.7"
      },
      "devDependencies": {
        "@babel/cli": "7.27.0",
        "@babel/core": "7.26.10",
        "@babel/preset-env": "7.26.9",
        "@eslint/js": "^9.24.0",
        "@playwright/test": "^1.51.1",
        "@stylistic/eslint-plugin-js": "^4.2.0",
        "css.escape": "^1.5.1",
        "eslint": "9.24.0",
        "eslint-plugin-jest": "28.11.0",
        "eslint-plugin-playwright": "^2.2.0",
        "globals": "^16.0.0",
        "jest": "^29.7.0",
        "jest-environment-jsdom": "^29.7.0",
        "jest-monocart-coverage": "^1.1.1",
        "monocart-reporter": "^2.9.17",
        "phoenix": "1.7.21"
      }
    }
  }
}
