{
    "name": "assets",
    "lockfileVersion": 3,
    "requires": true,
    "packages": {
        "": {
            "dependencies": {
                "live_json": "file:../deps/live_json",
                "live_svelte": "file:../..",
                "phoenix": "file:../deps/phoenix",
                "phoenix_html": "file:../deps/phoenix_html",
                "phoenix_live_view": "file:../deps/phoenix_live_view"
            },
            "devDependencies": {
                "@types/lodash": "^4.14.192",
                "dynamic-marquee": "^2.6.2",
                "esbuild": "^0.27.2",
                "esbuild-plugin-import-glob": "^0.1.1",
                "esbuild-svelte": "^0.9.4",
                "lodash": "^4.17.21",
                "stylus": "^0.55.0",
                "svelte": "^5.49.1",
                "svelte-preprocess": "^6.0.3",
                "typescript": "^5.6.3"
            }
        },
        "../..": {
            "version": "0.17.0",
            "license": "MIT",
            "devDependencies": {
                "esbuild-plugin-tsconfig-paths": "^1.0.2",
                "prettier": "3.3.3",
                "prettier-plugin-svelte": "^3.2.7",
                "svelte": "^5.49.1"
            }
        },
        "../../node_modules/@jridgewell/gen-mapping": {
            "version": "0.3.13",
            "dev": true,
            "license": "MIT",
            "dependencies": {
                "@jridgewell/sourcemap-codec": "^1.5.0",
                "@jridgewell/trace-mapping": "^0.3.24"
            }
        },
        "../../node_modules/@jridgewell/remapping": {
            "version": "2.3.5",
            "dev": true,
            "license": "MIT",
            "dependencies": {
                "@jridgewell/gen-mapping": "^0.3.5",
                "@jridgewell/trace-mapping": "^0.3.24"
            }
        },
        "../../node_modules/@jridgewell/resolve-uri": {
            "version": "3.1.2",
            "dev": true,
            "license": "MIT",
            "engines": {
                "node": ">=6.0.0"
            }
        },
        "../../node_modules/@jridgewell/sourcemap-codec": {
            "version": "1.5.0",
            "dev": true,
            "license": "MIT"
        },
        "../../node_modules/@jridgewell/trace-mapping": {
            "version": "0.3.31",
            "dev": true,
            "license": "MIT",
            "dependencies": {
                "@jridgewell/resolve-uri": "^3.1.0",
                "@jridgewell/sourcemap-codec": "^1.4.14"
            }
        },
        "../../node_modules/@sveltejs/acorn-typescript": {
            "version": "1.0.8",
            "dev": true,
            "license": "MIT",
            "peerDependencies": {
                "acorn": "^8.9.0"
            }
        },
        "../../node_modules/@types/estree": {
            "version": "1.0.8",
            "dev": true,
            "license": "MIT"
        },
        "../../node_modules/acorn": {
            "version": "8.15.0",
            "dev": true,
            "license": "MIT",
            "bin": {
                "acorn": "bin/acorn"
            },
            "engines": {
                "node": ">=0.4.0"
            }
        },
        "../../node_modules/aria-query": {
            "version": "5.3.2",
            "dev": true,
            "license": "Apache-2.0",
            "engines": {
                "node": ">= 0.4"
            }
        },
        "../../node_modules/axobject-query": {
            "version": "4.1.0",
            "dev": true,
            "license": "Apache-2.0",
            "engines": {
                "node": ">= 0.4"
            }
        },
        "../../node_modules/clsx": {
            "version": "2.1.1",
            "dev": true,
            "license": "MIT",
            "engines": {
                "node": ">=6"
            }
        },
        "../../node_modules/devalue": {
            "version": "5.6.2",
            "dev": true,
            "license": "MIT"
        },
        "../../node_modules/esm-env": {
            "version": "1.2.2",
            "dev": true,
            "license": "MIT"
        },
        "../../node_modules/esrap": {
            "version": "2.2.2",
            "dev": true,
            "license": "MIT",
            "dependencies": {
                "@jridgewell/sourcemap-codec": "^1.4.15"
            }
        },
        "../../node_modules/is-reference": {
            "version": "3.0.3",
            "dev": true,
            "license": "MIT",
            "dependencies": {
                "@types/estree": "^1.0.6"
            }
        },
        "../../node_modules/locate-character": {
            "version": "3.0.0",
            "dev": true,
            "license": "MIT"
        },
        "../../node_modules/magic-string": {
            "version": "0.30.12",
            "dev": true,
            "license": "MIT",
            "dependencies": {
                "@jridgewell/sourcemap-codec": "^1.5.0"
            }
        },
        "../../node_modules/prettier": {
            "version": "3.3.3",
            "dev": true,
            "license": "MIT",
            "bin": {
                "prettier": "bin/prettier.cjs"
            },
            "engines": {
                "node": ">=14"
            },
            "funding": {
                "url": "https://github.com/prettier/prettier?sponsor=1"
            }
        },
        "../../node_modules/prettier-plugin-svelte": {
            "version": "3.2.7",
            "dev": true,
            "license": "MIT",
            "peerDependencies": {
                "prettier": "^3.0.0",
                "svelte": "^3.2.0 || ^4.0.0-next.0 || ^5.0.0-next.0"
            }
        },
        "../../node_modules/svelte": {
            "version": "5.49.1",
            "dev": true,
            "license": "MIT",
            "dependencies": {
                "@jridgewell/remapping": "^2.3.4",
                "@jridgewell/sourcemap-codec": "^1.5.0",
                "@sveltejs/acorn-typescript": "^1.0.5",
                "@types/estree": "^1.0.5",
                "acorn": "^8.12.1",
                "aria-query": "^5.3.1",
                "axobject-query": "^4.1.0",
                "clsx": "^2.1.1",
                "devalue": "^5.6.2",
                "esm-env": "^1.2.1",
                "esrap": "^2.2.2",
                "is-reference": "^3.0.3",
                "locate-character": "^3.0.0",
                "magic-string": "^0.30.11",
                "zimmerframe": "^1.1.2"
            },
            "engines": {
                "node": ">=18"
            }
        },
        "../../node_modules/zimmerframe": {
            "version": "1.1.2",
            "dev": true,
            "license": "MIT"
        },
        "../deps/live_json": {
            "version": "0.4.3",
            "license": "MIT"
        },
        "../deps/phoenix": {
            "version": "1.8.3",
            "license": "MIT",
            "devDependencies": {
                "@babel/cli": "7.28.3",
                "@babel/core": "7.28.5",
                "@babel/preset-env": "7.28.5",
                "@eslint/js": "^9.28.0",
                "@stylistic/eslint-plugin": "^5.0.0",
                "documentation": "^14.0.3",
                "eslint": "9.39.1",
                "eslint-plugin-jest": "29.2.1",
                "jest": "^30.0.0",
                "jest-environment-jsdom": "^30.0.0",
                "jsdom": "^27.0.0",
                "mock-socket": "^9.3.1"
            }
        },
        "../deps/phoenix_html": {
            "version": "4.3.0"
        },
        "../deps/phoenix_live_view": {
            "version": "1.1.20",
            "license": "MIT",
            "dependencies": {
                "morphdom": "2.7.8"
            },
            "devDependencies": {
                "@babel/cli": "7.27.2",
                "@babel/core": "7.27.4",
                "@babel/preset-env": "7.27.2",
                "@babel/preset-typescript": "^7.27.1",
                "@eslint/js": "^9.29.0",
                "@playwright/test": "^1.56.1",
                "@types/jest": "^30.0.0",
                "@types/phoenix": "^1.6.6",
                "css.escape": "^1.5.1",
                "eslint": "9.29.0",
                "eslint-plugin-jest": "28.14.0",
                "eslint-plugin-playwright": "^2.2.0",
                "globals": "^16.2.0",
                "jest": "^30.0.0",
                "jest-environment-jsdom": "^30.0.0",
                "jest-monocart-coverage": "^1.1.1",
                "monocart-reporter": "^2.9.21",
                "phoenix": "1.7.21",
                "prettier": "3.5.3",
                "ts-jest": "^29.4.0",
                "typescript": "^5.8.3",
                "typescript-eslint": "^8.34.0"
            }
        },
        "node_modules/@esbuild/aix-ppc64": {
            "version": "0.27.2",
            "resolved": "https://registry.npmjs.org/@esbuild/aix-ppc64/-/aix-ppc64-0.27.2.tgz",
            "integrity": "sha512-GZMB+a0mOMZs4MpDbj8RJp4cw+w1WV5NYD6xzgvzUJ5Ek2jerwfO2eADyI6ExDSUED+1X8aMbegahsJi+8mgpw==",
            "cpu": [
                "ppc64"
            ],
            "dev": true,
            "license": "MIT",
            "optional": true,
            "os": [
                "aix"
            ],
            "engines": {
                "node": ">=18"
            }
        },
        "node_modules/@esbuild/android-arm": {
            "version": "0.27.2",
            "resolved": "https://registry.npmjs.org/@esbuild/android-arm/-/android-arm-0.27.2.tgz",
            "integrity": "sha512-DVNI8jlPa7Ujbr1yjU2PfUSRtAUZPG9I1RwW4F4xFB1Imiu2on0ADiI/c3td+KmDtVKNbi+nffGDQMfcIMkwIA==",
            "cpu": [
                "arm"
            ],
            "dev": true,
            "license": "MIT",
            "optional": true,
            "os": [
                "android"
            ],
            "engines": {
                "node": ">=18"
            }
        },
        "node_modules/@esbuild/android-arm64": {
            "version": "0.27.2",
            "resolved": "https://registry.npmjs.org/@esbuild/android-arm64/-/android-arm64-0.27.2.tgz",
            "integrity": "sha512-pvz8ZZ7ot/RBphf8fv60ljmaoydPU12VuXHImtAs0XhLLw+EXBi2BLe3OYSBslR4rryHvweW5gmkKFwTiFy6KA==",
            "cpu": [
                "arm64"
            ],
            "dev": true,
            "license": "MIT",
            "optional": true,
            "os": [
                "android"
            ],
            "engines": {
                "node": ">=18"
            }
        },
        "node_modules/@esbuild/android-x64": {
            "version": "0.27.2",
            "resolved": "https://registry.npmjs.org/@esbuild/android-x64/-/android-x64-0.27.2.tgz",
            "integrity": "sha512-z8Ank4Byh4TJJOh4wpz8g2vDy75zFL0TlZlkUkEwYXuPSgX8yzep596n6mT7905kA9uHZsf/o2OJZubl2l3M7A==",
            "cpu": [
                "x64"
            ],
            "dev": true,
            "license": "MIT",
            "optional": true,
            "os": [
                "android"
            ],
            "engines": {
                "node": ">=18"
            }
        },
        "node_modules/@esbuild/darwin-arm64": {
            "version": "0.27.2",
            "resolved": "https://registry.npmjs.org/@esbuild/darwin-arm64/-/darwin-arm64-0.27.2.tgz",
            "integrity": "sha512-davCD2Zc80nzDVRwXTcQP/28fiJbcOwvdolL0sOiOsbwBa72kegmVU0Wrh1MYrbuCL98Omp5dVhQFWRKR2ZAlg==",
            "cpu": [
                "arm64"
            ],
            "dev": true,
            "license": "MIT",
            "optional": true,
            "os": [
                "darwin"
            ],
            "engines": {
                "node": ">=18"
            }
        },
        "node_modules/@esbuild/darwin-x64": {
            "version": "0.27.2",
            "resolved": "https://registry.npmjs.org/@esbuild/darwin-x64/-/darwin-x64-0.27.2.tgz",
            "integrity": "sha512-ZxtijOmlQCBWGwbVmwOF/UCzuGIbUkqB1faQRf5akQmxRJ1ujusWsb3CVfk/9iZKr2L5SMU5wPBi1UWbvL+VQA==",
            "cpu": [
                "x64"
            ],
            "dev": true,
            "license": "MIT",
            "optional": true,
            "os": [
                "darwin"
            ],
            "engines": {
                "node": ">=18"
            }
        },
        "node_modules/@esbuild/freebsd-arm64": {
            "version": "0.27.2",
            "resolved": "https://registry.npmjs.org/@esbuild/freebsd-arm64/-/freebsd-arm64-0.27.2.tgz",
            "integrity": "sha512-lS/9CN+rgqQ9czogxlMcBMGd+l8Q3Nj1MFQwBZJyoEKI50XGxwuzznYdwcav6lpOGv5BqaZXqvBSiB/kJ5op+g==",
            "cpu": [
                "arm64"
            ],
            "dev": true,
            "license": "MIT",
            "optional": true,
            "os": [
                "freebsd"
            ],
            "engines": {
                "node": ">=18"
            }
        },
        "node_modules/@esbuild/freebsd-x64": {
            "version": "0.27.2",
            "resolved": "https://registry.npmjs.org/@esbuild/freebsd-x64/-/freebsd-x64-0.27.2.tgz",
            "integrity": "sha512-tAfqtNYb4YgPnJlEFu4c212HYjQWSO/w/h/lQaBK7RbwGIkBOuNKQI9tqWzx7Wtp7bTPaGC6MJvWI608P3wXYA==",
            "cpu": [
                "x64"
            ],
            "dev": true,
            "license": "MIT",
            "optional": true,
            "os": [
                "freebsd"
            ],
            "engines": {
                "node": ">=18"
            }
        },
        "node_modules/@esbuild/linux-arm": {
            "version": "0.27.2",
            "resolved": "https://registry.npmjs.org/@esbuild/linux-arm/-/linux-arm-0.27.2.tgz",
            "integrity": "sha512-vWfq4GaIMP9AIe4yj1ZUW18RDhx6EPQKjwe7n8BbIecFtCQG4CfHGaHuh7fdfq+y3LIA2vGS/o9ZBGVxIDi9hw==",
            "cpu": [
                "arm"
            ],
            "dev": true,
            "license": "MIT",
            "optional": true,
            "os": [
                "linux"
            ],
            "engines": {
                "node": ">=18"
            }
        },
        "node_modules/@esbuild/linux-arm64": {
            "version": "0.27.2",
            "resolved": "https://registry.npmjs.org/@esbuild/linux-arm64/-/linux-arm64-0.27.2.tgz",
            "integrity": "sha512-hYxN8pr66NsCCiRFkHUAsxylNOcAQaxSSkHMMjcpx0si13t1LHFphxJZUiGwojB1a/Hd5OiPIqDdXONia6bhTw==",
            "cpu": [
                "arm64"
            ],
            "dev": true,
            "license": "MIT",
            "optional": true,
            "os": [
                "linux"
            ],
            "engines": {
                "node": ">=18"
            }
        },
        "node_modules/@esbuild/linux-ia32": {
            "version": "0.27.2",
            "resolved": "https://registry.npmjs.org/@esbuild/linux-ia32/-/linux-ia32-0.27.2.tgz",
            "integrity": "sha512-MJt5BRRSScPDwG2hLelYhAAKh9imjHK5+NE/tvnRLbIqUWa+0E9N4WNMjmp/kXXPHZGqPLxggwVhz7QP8CTR8w==",
            "cpu": [
                "ia32"
            ],
            "dev": true,
            "license": "MIT",
            "optional": true,
            "os": [
                "linux"
            ],
            "engines": {
                "node": ">=18"
            }
        },
        "node_modules/@esbuild/linux-loong64": {
            "version": "0.27.2",
            "resolved": "https://registry.npmjs.org/@esbuild/linux-loong64/-/linux-loong64-0.27.2.tgz",
            "integrity": "sha512-lugyF1atnAT463aO6KPshVCJK5NgRnU4yb3FUumyVz+cGvZbontBgzeGFO1nF+dPueHD367a2ZXe1NtUkAjOtg==",
            "cpu": [
                "loong64"
            ],
            "dev": true,
            "license": "MIT",
            "optional": true,
            "os": [
                "linux"
            ],
            "engines": {
                "node": ">=18"
            }
        },
        "node_modules/@esbuild/linux-mips64el": {
            "version": "0.27.2",
            "resolved": "https://registry.npmjs.org/@esbuild/linux-mips64el/-/linux-mips64el-0.27.2.tgz",
            "integrity": "sha512-nlP2I6ArEBewvJ2gjrrkESEZkB5mIoaTswuqNFRv/WYd+ATtUpe9Y09RnJvgvdag7he0OWgEZWhviS1OTOKixw==",
            "cpu": [
                "mips64el"
            ],
            "dev": true,
            "license": "MIT",
            "optional": true,
            "os": [
                "linux"
            ],
            "engines": {
                "node": ">=18"
            }
        },
        "node_modules/@esbuild/linux-ppc64": {
            "version": "0.27.2",
            "resolved": "https://registry.npmjs.org/@esbuild/linux-ppc64/-/linux-ppc64-0.27.2.tgz",
            "integrity": "sha512-C92gnpey7tUQONqg1n6dKVbx3vphKtTHJaNG2Ok9lGwbZil6DrfyecMsp9CrmXGQJmZ7iiVXvvZH6Ml5hL6XdQ==",
            "cpu": [
                "ppc64"
            ],
            "dev": true,
            "license": "MIT",
            "optional": true,
            "os": [
                "linux"
            ],
            "engines": {
                "node": ">=18"
            }
        },
        "node_modules/@esbuild/linux-riscv64": {
            "version": "0.27.2",
            "resolved": "https://registry.npmjs.org/@esbuild/linux-riscv64/-/linux-riscv64-0.27.2.tgz",
            "integrity": "sha512-B5BOmojNtUyN8AXlK0QJyvjEZkWwy/FKvakkTDCziX95AowLZKR6aCDhG7LeF7uMCXEJqwa8Bejz5LTPYm8AvA==",
            "cpu": [
                "riscv64"
            ],
            "dev": true,
            "license": "MIT",
            "optional": true,
            "os": [
                "linux"
            ],
            "engines": {
                "node": ">=18"
            }
        },
        "node_modules/@esbuild/linux-s390x": {
            "version": "0.27.2",
            "resolved": "https://registry.npmjs.org/@esbuild/linux-s390x/-/linux-s390x-0.27.2.tgz",
            "integrity": "sha512-p4bm9+wsPwup5Z8f4EpfN63qNagQ47Ua2znaqGH6bqLlmJ4bx97Y9JdqxgGZ6Y8xVTixUnEkoKSHcpRlDnNr5w==",
            "cpu": [
                "s390x"
            ],
            "dev": true,
            "license": "MIT",
            "optional": true,
            "os": [
                "linux"
            ],
            "engines": {
                "node": ">=18"
            }
        },
        "node_modules/@esbuild/linux-x64": {
            "version": "0.27.2",
            "cpu": [
                "x64"
            ],
            "dev": true,
            "license": "MIT",
            "optional": true,
            "os": [
                "linux"
            ],
            "engines": {
                "node": ">=18"
            }
        },
        "node_modules/@esbuild/netbsd-arm64": {
            "version": "0.27.2",
            "resolved": "https://registry.npmjs.org/@esbuild/netbsd-arm64/-/netbsd-arm64-0.27.2.tgz",
            "integrity": "sha512-Kj6DiBlwXrPsCRDeRvGAUb/LNrBASrfqAIok+xB0LxK8CHqxZ037viF13ugfsIpePH93mX7xfJp97cyDuTZ3cw==",
            "cpu": [
                "arm64"
            ],
            "dev": true,
            "license": "MIT",
            "optional": true,
            "os": [
                "netbsd"
            ],
            "engines": {
                "node": ">=18"
            }
        },
        "node_modules/@esbuild/netbsd-x64": {
            "version": "0.27.2",
            "resolved": "https://registry.npmjs.org/@esbuild/netbsd-x64/-/netbsd-x64-0.27.2.tgz",
            "integrity": "sha512-HwGDZ0VLVBY3Y+Nw0JexZy9o/nUAWq9MlV7cahpaXKW6TOzfVno3y3/M8Ga8u8Yr7GldLOov27xiCnqRZf0tCA==",
            "cpu": [
                "x64"
            ],
            "dev": true,
            "license": "MIT",
            "optional": true,
            "os": [
                "netbsd"
            ],
            "engines": {
                "node": ">=18"
            }
        },
        "node_modules/@esbuild/openbsd-arm64": {
            "version": "0.27.2",
            "resolved": "https://registry.npmjs.org/@esbuild/openbsd-arm64/-/openbsd-arm64-0.27.2.tgz",
            "integrity": "sha512-DNIHH2BPQ5551A7oSHD0CKbwIA/Ox7+78/AWkbS5QoRzaqlev2uFayfSxq68EkonB+IKjiuxBFoV8ESJy8bOHA==",
            "cpu": [
                "arm64"
            ],
            "dev": true,
            "license": "MIT",
            "optional": true,
            "os": [
                "openbsd"
            ],
            "engines": {
                "node": ">=18"
            }
        },
        "node_modules/@esbuild/openbsd-x64": {
            "version": "0.27.2",
            "resolved": "https://registry.npmjs.org/@esbuild/openbsd-x64/-/openbsd-x64-0.27.2.tgz",
            "integrity": "sha512-/it7w9Nb7+0KFIzjalNJVR5bOzA9Vay+yIPLVHfIQYG/j+j9VTH84aNB8ExGKPU4AzfaEvN9/V4HV+F+vo8OEg==",
            "cpu": [
                "x64"
            ],
            "dev": true,
            "license": "MIT",
            "optional": true,
            "os": [
                "openbsd"
            ],
            "engines": {
                "node": ">=18"
            }
        },
        "node_modules/@esbuild/openharmony-arm64": {
            "version": "0.27.2",
            "resolved": "https://registry.npmjs.org/@esbuild/openharmony-arm64/-/openharmony-arm64-0.27.2.tgz",
            "integrity": "sha512-LRBbCmiU51IXfeXk59csuX/aSaToeG7w48nMwA6049Y4J4+VbWALAuXcs+qcD04rHDuSCSRKdmY63sruDS5qag==",
            "cpu": [
                "arm64"
            ],
            "dev": true,
            "license": "MIT",
            "optional": true,
            "os": [
                "openharmony"
            ],
            "engines": {
                "node": ">=18"
            }
        },
        "node_modules/@esbuild/sunos-x64": {
            "version": "0.27.2",
            "resolved": "https://registry.npmjs.org/@esbuild/sunos-x64/-/sunos-x64-0.27.2.tgz",
            "integrity": "sha512-kMtx1yqJHTmqaqHPAzKCAkDaKsffmXkPHThSfRwZGyuqyIeBvf08KSsYXl+abf5HDAPMJIPnbBfXvP2ZC2TfHg==",
            "cpu": [
                "x64"
            ],
            "dev": true,
            "license": "MIT",
            "optional": true,
            "os": [
                "sunos"
            ],
            "engines": {
                "node": ">=18"
            }
        },
        "node_modules/@esbuild/win32-arm64": {
            "version": "0.27.2",
            "resolved": "https://registry.npmjs.org/@esbuild/win32-arm64/-/win32-arm64-0.27.2.tgz",
            "integrity": "sha512-Yaf78O/B3Kkh+nKABUF++bvJv5Ijoy9AN1ww904rOXZFLWVc5OLOfL56W+C8F9xn5JQZa3UX6m+IktJnIb1Jjg==",
            "cpu": [
                "arm64"
            ],
            "dev": true,
            "license": "MIT",
            "optional": true,
            "os": [
                "win32"
            ],
            "engines": {
                "node": ">=18"
            }
        },
        "node_modules/@esbuild/win32-ia32": {
            "version": "0.27.2",
            "resolved": "https://registry.npmjs.org/@esbuild/win32-ia32/-/win32-ia32-0.27.2.tgz",
            "integrity": "sha512-Iuws0kxo4yusk7sw70Xa2E2imZU5HoixzxfGCdxwBdhiDgt9vX9VUCBhqcwY7/uh//78A1hMkkROMJq9l27oLQ==",
            "cpu": [
                "ia32"
            ],
            "dev": true,
            "license": "MIT",
            "optional": true,
            "os": [
                "win32"
            ],
            "engines": {
                "node": ">=18"
            }
        },
        "node_modules/@esbuild/win32-x64": {
            "version": "0.27.2",
            "resolved": "https://registry.npmjs.org/@esbuild/win32-x64/-/win32-x64-0.27.2.tgz",
            "integrity": "sha512-sRdU18mcKf7F+YgheI/zGf5alZatMUTKj/jNS6l744f9u3WFu4v7twcUI9vu4mknF4Y9aDlblIie0IM+5xxaqQ==",
            "cpu": [
                "x64"
            ],
            "dev": true,
            "license": "MIT",
            "optional": true,
            "os": [
                "win32"
            ],
            "engines": {
                "node": ">=18"
            }
        },
        "node_modules/@jridgewell/gen-mapping": {
            "version": "0.3.13",
            "dev": true,
            "license": "MIT",
            "dependencies": {
                "@jridgewell/sourcemap-codec": "^1.5.0",
                "@jridgewell/trace-mapping": "^0.3.24"
            }
        },
        "node_modules/@jridgewell/remapping": {
            "version": "2.3.5",
            "dev": true,
            "license": "MIT",
            "dependencies": {
                "@jridgewell/gen-mapping": "^0.3.5",
                "@jridgewell/trace-mapping": "^0.3.24"
            }
        },
        "node_modules/@jridgewell/resolve-uri": {
            "version": "3.1.2",
            "dev": true,
            "license": "MIT",
            "engines": {
                "node": ">=6.0.0"
            }
        },
        "node_modules/@jridgewell/sourcemap-codec": {
            "version": "1.5.5",
            "dev": true,
            "license": "MIT"
        },
        "node_modules/@jridgewell/trace-mapping": {
            "version": "0.3.31",
            "dev": true,
            "license": "MIT",
            "dependencies": {
                "@jridgewell/resolve-uri": "^3.1.0",
                "@jridgewell/sourcemap-codec": "^1.4.14"
            }
        },
        "node_modules/@nodelib/fs.scandir": {
            "version": "2.1.5",
            "dev": true,
            "license": "MIT",
            "dependencies": {
                "@nodelib/fs.stat": "2.0.5",
                "run-parallel": "^1.1.9"
            },
            "engines": {
                "node": ">= 8"
            }
        },
        "node_modules/@nodelib/fs.stat": {
            "version": "2.0.5",
            "dev": true,
            "license": "MIT",
            "engines": {
                "node": ">= 8"
            }
        },
        "node_modules/@nodelib/fs.walk": {
            "version": "1.2.8",
            "dev": true,
            "license": "MIT",
            "dependencies": {
                "@nodelib/fs.scandir": "2.1.5",
                "fastq": "^1.6.0"
            },
            "engines": {
                "node": ">= 8"
            }
        },
        "node_modules/@sveltejs/acorn-typescript": {
            "version": "1.0.8",
            "dev": true,
            "license": "MIT",
            "peerDependencies": {
                "acorn": "^8.9.0"
            }
        },
        "node_modules/@types/estree": {
            "version": "1.0.8",
            "dev": true,
            "license": "MIT"
        },
        "node_modules/@types/lodash": {
            "version": "4.17.23",
            "dev": true,
            "license": "MIT"
        },
        "node_modules/acorn": {
            "version": "8.15.0",
            "dev": true,
            "license": "MIT",
            "bin": {
                "acorn": "bin/acorn"
            },
            "engines": {
                "node": ">=0.4.0"
            }
        },
        "node_modules/aria-query": {
            "version": "5.3.2",
            "dev": true,
            "license": "Apache-2.0",
            "engines": {
                "node": ">= 0.4"
            }
        },
        "node_modules/atob": {
            "version": "2.1.2",
            "dev": true,
            "license": "(MIT OR Apache-2.0)",
            "bin": {
                "atob": "bin/atob.js"
            },
            "engines": {
                "node": ">= 4.5.0"
            }
        },
        "node_modules/axobject-query": {
            "version": "4.1.0",
            "dev": true,
            "license": "Apache-2.0",
            "engines": {
                "node": ">= 0.4"
            }
        },
        "node_modules/balanced-match": {
            "version": "1.0.2",
            "dev": true,
            "license": "MIT"
        },
        "node_modules/brace-expansion": {
            "version": "1.1.12",
            "dev": true,
            "license": "MIT",
            "dependencies": {
                "balanced-match": "^1.0.0",
                "concat-map": "0.0.1"
            }
        },
        "node_modules/braces": {
            "version": "3.0.3",
            "dev": true,
            "license": "MIT",
            "dependencies": {
                "fill-range": "^7.1.1"
            },
            "engines": {
                "node": ">=8"
            }
        },
        "node_modules/clsx": {
            "version": "2.1.1",
            "dev": true,
            "license": "MIT",
            "engines": {
                "node": ">=6"
            }
        },
        "node_modules/concat-map": {
            "version": "0.0.1",
            "dev": true,
            "license": "MIT"
        },
        "node_modules/css": {
            "version": "3.0.0",
            "dev": true,
            "license": "MIT",
            "dependencies": {
                "inherits": "^2.0.4",
                "source-map": "^0.6.1",
                "source-map-resolve": "^0.6.0"
            }
        },
        "node_modules/css/node_modules/source-map": {
            "version": "0.6.1",
            "dev": true,
            "license": "BSD-3-Clause",
            "engines": {
                "node": ">=0.10.0"
            }
        },
        "node_modules/debug": {
            "version": "3.1.0",
            "dev": true,
            "license": "MIT",
            "dependencies": {
                "ms": "2.0.0"
            }
        },
        "node_modules/decode-uri-component": {
            "version": "0.2.2",
            "dev": true,
            "license": "MIT",
            "engines": {
                "node": ">=0.10"
            }
        },
        "node_modules/devalue": {
            "version": "5.6.2",
            "dev": true,
            "license": "MIT"
        },
        "node_modules/dynamic-marquee": {
            "version": "2.6.5",
            "dev": true,
            "license": "Apache-2.0"
        },
        "node_modules/esbuild": {
            "version": "0.27.2",
            "dev": true,
            "hasInstallScript": true,
            "license": "MIT",
            "bin": {
                "esbuild": "bin/esbuild"
            },
            "engines": {
                "node": ">=18"
            },
            "optionalDependencies": {
                "@esbuild/aix-ppc64": "0.27.2",
                "@esbuild/android-arm": "0.27.2",
                "@esbuild/android-arm64": "0.27.2",
                "@esbuild/android-x64": "0.27.2",
                "@esbuild/darwin-arm64": "0.27.2",
                "@esbuild/darwin-x64": "0.27.2",
                "@esbuild/freebsd-arm64": "0.27.2",
                "@esbuild/freebsd-x64": "0.27.2",
                "@esbuild/linux-arm": "0.27.2",
                "@esbuild/linux-arm64": "0.27.2",
                "@esbuild/linux-ia32": "0.27.2",
                "@esbuild/linux-loong64": "0.27.2",
                "@esbuild/linux-mips64el": "0.27.2",
                "@esbuild/linux-ppc64": "0.27.2",
                "@esbuild/linux-riscv64": "0.27.2",
                "@esbuild/linux-s390x": "0.27.2",
                "@esbuild/linux-x64": "0.27.2",
                "@esbuild/netbsd-arm64": "0.27.2",
                "@esbuild/netbsd-x64": "0.27.2",
                "@esbuild/openbsd-arm64": "0.27.2",
                "@esbuild/openbsd-x64": "0.27.2",
                "@esbuild/openharmony-arm64": "0.27.2",
                "@esbuild/sunos-x64": "0.27.2",
                "@esbuild/win32-arm64": "0.27.2",
                "@esbuild/win32-ia32": "0.27.2",
                "@esbuild/win32-x64": "0.27.2"
            }
        },
        "node_modules/esbuild-plugin-import-glob": {
            "version": "0.1.1",
            "dev": true,
            "license": "MIT",
            "dependencies": {
                "fast-glob": "^3.2.5"
            }
        },
        "node_modules/esbuild-svelte": {
            "version": "0.9.4",
            "dev": true,
            "license": "MIT",
            "dependencies": {
                "@jridgewell/trace-mapping": "^0.3.19"
            },
            "engines": {
                "node": ">=18"
            },
            "peerDependencies": {
                "esbuild": ">=0.17.0",
                "svelte": ">=4.2.1 <6"
            }
        },
        "node_modules/esm-env": {
            "version": "1.2.2",
            "dev": true,
            "license": "MIT"
        },
        "node_modules/esrap": {
            "version": "2.2.2",
            "dev": true,
            "license": "MIT",
            "dependencies": {
                "@jridgewell/sourcemap-codec": "^1.4.15"
            }
        },
        "node_modules/fast-glob": {
            "version": "3.3.3",
            "dev": true,
            "license": "MIT",
            "dependencies": {
                "@nodelib/fs.stat": "^2.0.2",
                "@nodelib/fs.walk": "^1.2.3",
                "glob-parent": "^5.1.2",
                "merge2": "^1.3.0",
                "micromatch": "^4.0.8"
            },
            "engines": {
                "node": ">=8.6.0"
            }
        },
        "node_modules/fastq": {
            "version": "1.20.1",
            "dev": true,
            "license": "ISC",
            "dependencies": {
                "reusify": "^1.0.4"
            }
        },
        "node_modules/fill-range": {
            "version": "7.1.1",
            "dev": true,
            "license": "MIT",
            "dependencies": {
                "to-regex-range": "^5.0.1"
            },
            "engines": {
                "node": ">=8"
            }
        },
        "node_modules/fs.realpath": {
            "version": "1.0.0",
            "dev": true,
            "license": "ISC"
        },
        "node_modules/glob": {
            "version": "7.2.3",
            "dev": true,
            "license": "ISC",
            "dependencies": {
                "fs.realpath": "^1.0.0",
                "inflight": "^1.0.4",
                "inherits": "2",
                "minimatch": "^3.1.1",
                "once": "^1.3.0",
                "path-is-absolute": "^1.0.0"
            },
            "engines": {
                "node": "*"
            },
            "funding": {
                "url": "https://github.com/sponsors/isaacs"
            }
        },
        "node_modules/glob-parent": {
            "version": "5.1.2",
            "dev": true,
            "license": "ISC",
            "dependencies": {
                "is-glob": "^4.0.1"
            },
            "engines": {
                "node": ">= 6"
            }
        },
        "node_modules/inflight": {
            "version": "1.0.6",
            "dev": true,
            "license": "ISC",
            "dependencies": {
                "once": "^1.3.0",
                "wrappy": "1"
            }
        },
        "node_modules/inherits": {
            "version": "2.0.4",
            "dev": true,
            "license": "ISC"
        },
        "node_modules/is-extglob": {
            "version": "2.1.1",
            "dev": true,
            "license": "MIT",
            "engines": {
                "node": ">=0.10.0"
            }
        },
        "node_modules/is-glob": {
            "version": "4.0.3",
            "dev": true,
            "license": "MIT",
            "dependencies": {
                "is-extglob": "^2.1.1"
            },
            "engines": {
                "node": ">=0.10.0"
            }
        },
        "node_modules/is-number": {
            "version": "7.0.0",
            "dev": true,
            "license": "MIT",
            "engines": {
                "node": ">=0.12.0"
            }
        },
        "node_modules/is-reference": {
            "version": "3.0.3",
            "dev": true,
            "license": "MIT",
            "dependencies": {
                "@types/estree": "^1.0.6"
            }
        },
        "node_modules/live_json": {
            "resolved": "../deps/live_json",
            "link": true
        },
        "node_modules/live_svelte": {
            "resolved": "../..",
            "link": true
        },
        "node_modules/locate-character": {
            "version": "3.0.0",
            "dev": true,
            "license": "MIT"
        },
        "node_modules/lodash": {
            "version": "4.17.23",
            "dev": true,
            "license": "MIT"
        },
        "node_modules/magic-string": {
            "version": "0.30.21",
            "dev": true,
            "license": "MIT",
            "dependencies": {
                "@jridgewell/sourcemap-codec": "^1.5.5"
            }
        },
        "node_modules/merge2": {
            "version": "1.4.1",
            "dev": true,
            "license": "MIT",
            "engines": {
                "node": ">= 8"
            }
        },
        "node_modules/micromatch": {
            "version": "4.0.8",
            "dev": true,
            "license": "MIT",
            "dependencies": {
                "braces": "^3.0.3",
                "picomatch": "^2.3.1"
            },
            "engines": {
                "node": ">=8.6"
            }
        },
        "node_modules/minimatch": {
            "version": "3.1.2",
            "dev": true,
            "license": "ISC",
            "dependencies": {
                "brace-expansion": "^1.1.7"
            },
            "engines": {
                "node": "*"
            }
        },
        "node_modules/mkdirp": {
            "version": "1.0.4",
            "dev": true,
            "license": "MIT",
            "bin": {
                "mkdirp": "bin/cmd.js"
            },
            "engines": {
                "node": ">=10"
            }
        },
        "node_modules/ms": {
            "version": "2.0.0",
            "dev": true,
            "license": "MIT"
        },
        "node_modules/once": {
            "version": "1.4.0",
            "dev": true,
            "license": "ISC",
            "dependencies": {
                "wrappy": "1"
            }
        },
        "node_modules/path-is-absolute": {
            "version": "1.0.1",
            "dev": true,
            "license": "MIT",
            "engines": {
                "node": ">=0.10.0"
            }
        },
        "node_modules/phoenix": {
            "resolved": "../deps/phoenix",
            "link": true
        },
        "node_modules/phoenix_html": {
            "resolved": "../deps/phoenix_html",
            "link": true
        },
        "node_modules/phoenix_live_view": {
            "resolved": "../deps/phoenix_live_view",
            "link": true
        },
        "node_modules/picomatch": {
            "version": "2.3.1",
            "dev": true,
            "license": "MIT",
            "engines": {
                "node": ">=8.6"
            },
            "funding": {
                "url": "https://github.com/sponsors/jonschlinkert"
            }
        },
        "node_modules/queue-microtask": {
            "version": "1.2.3",
            "dev": true,
            "funding": [
                {
                    "type": "github",
                    "url": "https://github.com/sponsors/feross"
                },
                {
                    "type": "patreon",
                    "url": "https://www.patreon.com/feross"
                },
                {
                    "type": "consulting",
                    "url": "https://feross.org/support"
                }
            ],
            "license": "MIT"
        },
        "node_modules/reusify": {
            "version": "1.1.0",
            "dev": true,
            "license": "MIT",
            "engines": {
                "iojs": ">=1.0.0",
                "node": ">=0.10.0"
            }
        },
        "node_modules/run-parallel": {
            "version": "1.2.0",
            "dev": true,
            "funding": [
                {
                    "type": "github",
                    "url": "https://github.com/sponsors/feross"
                },
                {
                    "type": "patreon",
                    "url": "https://www.patreon.com/feross"
                },
                {
                    "type": "consulting",
                    "url": "https://feross.org/support"
                }
            ],
            "license": "MIT",
            "dependencies": {
                "queue-microtask": "^1.2.2"
            }
        },
        "node_modules/safer-buffer": {
            "version": "2.1.2",
            "dev": true,
            "license": "MIT"
        },
        "node_modules/sax": {
            "version": "1.2.4",
            "dev": true,
            "license": "ISC"
        },
        "node_modules/semver": {
            "version": "6.3.1",
            "dev": true,
            "license": "ISC",
            "bin": {
                "semver": "bin/semver.js"
            }
        },
        "node_modules/source-map": {
            "version": "0.7.6",
            "dev": true,
            "license": "BSD-3-Clause",
            "engines": {
                "node": ">= 12"
            }
        },
        "node_modules/source-map-resolve": {
            "version": "0.6.0",
            "dev": true,
            "license": "MIT",
            "dependencies": {
                "atob": "^2.1.2",
                "decode-uri-component": "^0.2.0"
            }
        },
        "node_modules/stylus": {
            "version": "0.55.0",
            "dev": true,
            "license": "MIT",
            "dependencies": {
                "css": "^3.0.0",
                "debug": "~3.1.0",
                "glob": "^7.1.6",
                "mkdirp": "~1.0.4",
                "safer-buffer": "^2.1.2",
                "sax": "~1.2.4",
                "semver": "^6.3.0",
                "source-map": "^0.7.3"
            },
            "bin": {
                "stylus": "bin/stylus"
            },
            "engines": {
                "node": "*"
            }
        },
        "node_modules/svelte": {
            "version": "5.49.1",
            "dev": true,
            "license": "MIT",
            "dependencies": {
                "@jridgewell/remapping": "^2.3.4",
                "@jridgewell/sourcemap-codec": "^1.5.0",
                "@sveltejs/acorn-typescript": "^1.0.5",
                "@types/estree": "^1.0.5",
                "acorn": "^8.12.1",
                "aria-query": "^5.3.1",
                "axobject-query": "^4.1.0",
                "clsx": "^2.1.1",
                "devalue": "^5.6.2",
                "esm-env": "^1.2.1",
                "esrap": "^2.2.2",
                "is-reference": "^3.0.3",
                "locate-character": "^3.0.0",
                "magic-string": "^0.30.11",
                "zimmerframe": "^1.1.2"
            },
            "engines": {
                "node": ">=18"
            }
        },
        "node_modules/svelte-preprocess": {
            "version": "6.0.3",
            "dev": true,
            "hasInstallScript": true,
            "license": "MIT",
            "engines": {
                "node": ">= 18.0.0"
            },
            "peerDependencies": {
                "@babel/core": "^7.10.2",
                "coffeescript": "^2.5.1",
                "less": "^3.11.3 || ^4.0.0",
                "postcss": "^7 || ^8",
                "postcss-load-config": ">=3",
                "pug": "^3.0.0",
                "sass": "^1.26.8",
                "stylus": ">=0.55",
                "sugarss": "^2.0.0 || ^3.0.0 || ^4.0.0",
                "svelte": "^4.0.0 || ^5.0.0-next.100 || ^5.0.0",
                "typescript": "^5.0.0"
            },
            "peerDependenciesMeta": {
                "@babel/core": {
                    "optional": true
                },
                "coffeescript": {
                    "optional": true
                },
                "less": {
                    "optional": true
                },
                "postcss": {
                    "optional": true
                },
                "postcss-load-config": {
                    "optional": true
                },
                "pug": {
                    "optional": true
                },
                "sass": {
                    "optional": true
                },
                "stylus": {
                    "optional": true
                },
                "sugarss": {
                    "optional": true
                },
                "typescript": {
                    "optional": true
                }
            }
        },
        "node_modules/to-regex-range": {
            "version": "5.0.1",
            "dev": true,
            "license": "MIT",
            "dependencies": {
                "is-number": "^7.0.0"
            },
            "engines": {
                "node": ">=8.0"
            }
        },
        "node_modules/typescript": {
            "version": "5.9.3",
            "dev": true,
            "license": "Apache-2.0",
            "bin": {
                "tsc": "bin/tsc",
                "tsserver": "bin/tsserver"
            },
            "engines": {
                "node": ">=14.17"
            }
        },
        "node_modules/wrappy": {
            "version": "1.0.2",
            "dev": true,
            "license": "ISC"
        },
        "node_modules/zimmerframe": {
            "version": "1.1.4",
            "dev": true,
            "license": "MIT"
        }
    }
}
